{
    "_meta": {
        "hash": {
            "sha256": "2ffd9a033d94ddc8f77ffca65f79b4ca5546001a3439545adc00cac3fbe4334a"
        },
        "pipfile-spec": 6,
        "requires": {
            "python_version": "3.10"
        },
        "sources": [
            {
                "name": "pypi",
                "url": "https://pypi.org/simple",
                "verify_ssl": true
            }
        ]
    },
    "default": {
        "behave": {
            "hashes": [
                "sha256:b9662327aa53294c1351b0a9c369093ccec1d21026f050c3bd9b3e5cccf81a86",
                "sha256:ebda1a6c9e5bfe95c5f9f0a2794e01c7098b3dde86c10a95d8621c5907ff6f1c"
            ],
            "index": "pypi",
            "markers": "python_version >= '2.6' and python_version not in '3.0, 3.1, 3.2'",
            "version": "==1.2.6"
        },
        "certifi": {
            "hashes": [
                "sha256:3d5da6925056f6f18f119200434a4780a94263f10d1c21d032a6f6b2baa20651",
                "sha256:ca78db4565a652026a4db2bcdf68f2fb589ea80d0be70e03929ed730746b84fe"
            ],
            "markers": "python_version >= '3.6'",
            "version": "==2025.1.31"
        },
        "cffi": {
            "hashes": [
                "sha256:045d61c734659cc045141be4bae381a41d89b741f795af1dd018bfb532fd0df8",
                "sha256:0984a4925a435b1da406122d4d7968dd861c1385afe3b45ba82b750f229811e2",
                "sha256:0e2b1fac190ae3ebfe37b979cc1ce69c81f4e4fe5746bb401dca63a9062cdaf1",
                "sha256:0f048dcf80db46f0098ccac01132761580d28e28bc0f78ae0d58048063317e15",
                "sha256:1257bdabf294dceb59f5e70c64a3e2f462c30c7ad68092d01bbbfb1c16b1ba36",
                "sha256:1c39c6016c32bc48dd54561950ebd6836e1670f2ae46128f67cf49e789c52824",
                "sha256:1d599671f396c4723d016dbddb72fe8e0397082b0a77a4fab8028923bec050e8",
                "sha256:28b16024becceed8c6dfbc75629e27788d8a3f9030691a1dbf9821a128b22c36",
                "sha256:2bb1a08b8008b281856e5971307cc386a8e9c5b625ac297e853d36da6efe9c17",
                "sha256:30c5e0cb5ae493c04c8b42916e52ca38079f1b235c2f8ae5f4527b963c401caf",
                "sha256:31000ec67d4221a71bd3f67df918b1f88f676f1c3b535a7eb473255fdc0b83fc",
                "sha256:386c8bf53c502fff58903061338ce4f4950cbdcb23e2902d86c0f722b786bbe3",
                "sha256:3edc8d958eb099c634dace3c7e16560ae474aa3803a5df240542b305d14e14ed",
                "sha256:45398b671ac6d70e67da8e4224a065cec6a93541bb7aebe1b198a61b58c7b702",
                "sha256:46bf43160c1a35f7ec506d254e5c890f3c03648a4dbac12d624e4490a7046cd1",
                "sha256:4ceb10419a9adf4460ea14cfd6bc43d08701f0835e979bf821052f1805850fe8",
                "sha256:51392eae71afec0d0c8fb1a53b204dbb3bcabcb3c9b807eedf3e1e6ccf2de903",
                "sha256:5da5719280082ac6bd9aa7becb3938dc9f9cbd57fac7d2871717b1feb0902ab6",
                "sha256:610faea79c43e44c71e1ec53a554553fa22321b65fae24889706c0a84d4ad86d",
                "sha256:636062ea65bd0195bc012fea9321aca499c0504409f413dc88af450b57ffd03b",
                "sha256:6883e737d7d9e4899a8a695e00ec36bd4e5e4f18fabe0aca0efe0a4b44cdb13e",
                "sha256:6b8b4a92e1c65048ff98cfe1f735ef8f1ceb72e3d5f0c25fdb12087a23da22be",
                "sha256:6f17be4345073b0a7b8ea599688f692ac3ef23ce28e5df79c04de519dbc4912c",
                "sha256:706510fe141c86a69c8ddc029c7910003a17353970cff3b904ff0686a5927683",
                "sha256:72e72408cad3d5419375fc87d289076ee319835bdfa2caad331e377589aebba9",
                "sha256:733e99bc2df47476e3848417c5a4540522f234dfd4ef3ab7fafdf555b082ec0c",
                "sha256:7596d6620d3fa590f677e9ee430df2958d2d6d6de2feeae5b20e82c00b76fbf8",
                "sha256:78122be759c3f8a014ce010908ae03364d00a1f81ab5c7f4a7a5120607ea56e1",
                "sha256:805b4371bf7197c329fcb3ead37e710d1bca9da5d583f5073b799d5c5bd1eee4",
                "sha256:85a950a4ac9c359340d5963966e3e0a94a676bd6245a4b55bc43949eee26a655",
                "sha256:8f2cdc858323644ab277e9bb925ad72ae0e67f69e804f4898c070998d50b1a67",
                "sha256:9755e4345d1ec879e3849e62222a18c7174d65a6a92d5b346b1863912168b595",
                "sha256:98e3969bcff97cae1b2def8ba499ea3d6f31ddfdb7635374834cf89a1a08ecf0",
                "sha256:a08d7e755f8ed21095a310a693525137cfe756ce62d066e53f502a83dc550f65",
                "sha256:a1ed2dd2972641495a3ec98445e09766f077aee98a1c896dcb4ad0d303628e41",
                "sha256:a24ed04c8ffd54b0729c07cee15a81d964e6fee0e3d4d342a27b020d22959dc6",
                "sha256:a45e3c6913c5b87b3ff120dcdc03f6131fa0065027d0ed7ee6190736a74cd401",
                "sha256:a9b15d491f3ad5d692e11f6b71f7857e7835eb677955c00cc0aefcd0669adaf6",
                "sha256:ad9413ccdeda48c5afdae7e4fa2192157e991ff761e7ab8fdd8926f40b160cc3",
                "sha256:b2ab587605f4ba0bf81dc0cb08a41bd1c0a5906bd59243d56bad7668a6fc6c16",
                "sha256:b62ce867176a75d03a665bad002af8e6d54644fad99a3c70905c543130e39d93",
                "sha256:c03e868a0b3bc35839ba98e74211ed2b05d2119be4e8a0f224fba9384f1fe02e",
                "sha256:c59d6e989d07460165cc5ad3c61f9fd8f1b4796eacbd81cee78957842b834af4",
                "sha256:c7eac2ef9b63c79431bc4b25f1cd649d7f061a28808cbc6c47b534bd789ef964",
                "sha256:c9c3d058ebabb74db66e431095118094d06abf53284d9c81f27300d0e0d8bc7c",
                "sha256:ca74b8dbe6e8e8263c0ffd60277de77dcee6c837a3d0881d8c1ead7268c9e576",
                "sha256:caaf0640ef5f5517f49bc275eca1406b0ffa6aa184892812030f04c2abf589a0",
                "sha256:cdf5ce3acdfd1661132f2a9c19cac174758dc2352bfe37d98aa7512c6b7178b3",
                "sha256:d016c76bdd850f3c626af19b0542c9677ba156e4ee4fccfdd7848803533ef662",
                "sha256:d01b12eeeb4427d3110de311e1774046ad344f5b1a7403101878976ecd7a10f3",
                "sha256:d63afe322132c194cf832bfec0dc69a99fb9bb6bbd550f161a49e9e855cc78ff",
                "sha256:da95af8214998d77a98cc14e3a3bd00aa191526343078b530ceb0bd710fb48a5",
                "sha256:dd398dbc6773384a17fe0d3e7eeb8d1a21c2200473ee6806bb5e6a8e62bb73dd",
                "sha256:de2ea4b5833625383e464549fec1bc395c1bdeeb5f25c4a3a82b5a8c756ec22f",
                "sha256:de55b766c7aa2e2a3092c51e0483d700341182f08e67c63630d5b6f200bb28e5",
                "sha256:df8b1c11f177bc2313ec4b2d46baec87a5f3e71fc8b45dab2ee7cae86d9aba14",
                "sha256:e03eab0a8677fa80d646b5ddece1cbeaf556c313dcfac435ba11f107ba117b5d",
                "sha256:e221cf152cff04059d011ee126477f0d9588303eb57e88923578ace7baad17f9",
                "sha256:e31ae45bc2e29f6b2abd0de1cc3b9d5205aa847cafaecb8af1476a609a2f6eb7",
                "sha256:edae79245293e15384b51f88b00613ba9f7198016a5948b5dddf4917d4d26382",
                "sha256:f1e22e8c4419538cb197e4dd60acc919d7696e5ef98ee4da4e01d3f8cfa4cc5a",
                "sha256:f3a2b4222ce6b60e2e8b337bb9596923045681d71e5a082783484d845390938e",
                "sha256:f6a16c31041f09ead72d69f583767292f750d24913dadacf5756b966aacb3f1a",
                "sha256:f75c7ab1f9e4aca5414ed4d8e5c0e303a34f4421f8a0d47a4d019ceff0ab6af4",
                "sha256:f79fc4fc25f1c8698ff97788206bb3c2598949bfe0fef03d299eb1b5356ada99",
                "sha256:f7f5baafcc48261359e14bcd6d9bff6d4b28d9103847c9e136694cb0501aef87",
                "sha256:fc48c783f9c87e60831201f2cce7f3b2e4846bf4d8728eabe54d60700b318a0b"
            ],
            "markers": "python_version >= '3.8'",
            "version": "==1.17.1"
        },
        "charset-normalizer": {
            "hashes": [
                "sha256:0167ddc8ab6508fe81860a57dd472b2ef4060e8d378f0cc555707126830f2537",
                "sha256:01732659ba9b5b873fc117534143e4feefecf3b2078b0a6a2e925271bb6f4cfa",
                "sha256:01ad647cdd609225c5350561d084b42ddf732f4eeefe6e678765636791e78b9a",
                "sha256:04432ad9479fa40ec0f387795ddad4437a2b50417c69fa275e212933519ff294",
                "sha256:0907f11d019260cdc3f94fbdb23ff9125f6b5d1039b76003b5b0ac9d6a6c9d5b",
                "sha256:0924e81d3d5e70f8126529951dac65c1010cdf117bb75eb02dd12339b57749dd",
                "sha256:09b26ae6b1abf0d27570633b2b078a2a20419c99d66fb2823173d73f188ce601",
                "sha256:09b5e6733cbd160dcc09589227187e242a30a49ca5cefa5a7edd3f9d19ed53fd",
                "sha256:0af291f4fe114be0280cdd29d533696a77b5b49cfde5467176ecab32353395c4",
                "sha256:0f55e69f030f7163dffe9fd0752b32f070566451afe180f99dbeeb81f511ad8d",
                "sha256:1a2bc9f351a75ef49d664206d51f8e5ede9da246602dc2d2726837620ea034b2",
                "sha256:22e14b5d70560b8dd51ec22863f370d1e595ac3d024cb8ad7d308b4cd95f8313",
                "sha256:234ac59ea147c59ee4da87a0c0f098e9c8d169f4dc2a159ef720f1a61bbe27cd",
                "sha256:2369eea1ee4a7610a860d88f268eb39b95cb588acd7235e02fd5a5601773d4fa",
                "sha256:237bdbe6159cff53b4f24f397d43c6336c6b0b42affbe857970cefbb620911c8",
                "sha256:28bf57629c75e810b6ae989f03c0828d64d6b26a5e205535585f96093e405ed1",
                "sha256:2967f74ad52c3b98de4c3b32e1a44e32975e008a9cd2a8cc8966d6a5218c5cb2",
                "sha256:2a75d49014d118e4198bcee5ee0a6f25856b29b12dbf7cd012791f8a6cc5c496",
                "sha256:2bdfe3ac2e1bbe5b59a1a63721eb3b95fc9b6817ae4a46debbb4e11f6232428d",
                "sha256:2d074908e1aecee37a7635990b2c6d504cd4766c7bc9fc86d63f9c09af3fa11b",
                "sha256:2fb9bd477fdea8684f78791a6de97a953c51831ee2981f8e4f583ff3b9d9687e",
                "sha256:311f30128d7d333eebd7896965bfcfbd0065f1716ec92bd5638d7748eb6f936a",
                "sha256:329ce159e82018d646c7ac45b01a430369d526569ec08516081727a20e9e4af4",
                "sha256:345b0426edd4e18138d6528aed636de7a9ed169b4aaf9d61a8c19e39d26838ca",
                "sha256:363e2f92b0f0174b2f8238240a1a30142e3db7b957a5dd5689b0e75fb717cc78",
                "sha256:3a3bd0dcd373514dcec91c411ddb9632c0d7d92aed7093b8c3bbb6d69ca74408",
                "sha256:3bed14e9c89dcb10e8f3a29f9ccac4955aebe93c71ae803af79265c9ca5644c5",
                "sha256:44251f18cd68a75b56585dd00dae26183e102cd5e0f9f1466e6df5da2ed64ea3",
                "sha256:44ecbf16649486d4aebafeaa7ec4c9fed8b88101f4dd612dcaf65d5e815f837f",
                "sha256:4532bff1b8421fd0a320463030c7520f56a79c9024a4e88f01c537316019005a",
                "sha256:49402233c892a461407c512a19435d1ce275543138294f7ef013f0b63d5d3765",
                "sha256:4c0907b1928a36d5a998d72d64d8eaa7244989f7aaaf947500d3a800c83a3fd6",
                "sha256:4d86f7aff21ee58f26dcf5ae81a9addbd914115cdebcbb2217e4f0ed8982e146",
                "sha256:5777ee0881f9499ed0f71cc82cf873d9a0ca8af166dfa0af8ec4e675b7df48e6",
                "sha256:5df196eb874dae23dcfb968c83d4f8fdccb333330fe1fc278ac5ceeb101003a9",
                "sha256:619a609aa74ae43d90ed2e89bdd784765de0a25ca761b93e196d938b8fd1dbbd",
                "sha256:6e27f48bcd0957c6d4cb9d6fa6b61d192d0b13d5ef563e5f2ae35feafc0d179c",
                "sha256:6ff8a4a60c227ad87030d76e99cd1698345d4491638dfa6673027c48b3cd395f",
                "sha256:73d94b58ec7fecbc7366247d3b0b10a21681004153238750bb67bd9012414545",
                "sha256:7461baadb4dc00fd9e0acbe254e3d7d2112e7f92ced2adc96e54ef6501c5f176",
                "sha256:75832c08354f595c760a804588b9357d34ec00ba1c940c15e31e96d902093770",
                "sha256:7709f51f5f7c853f0fb938bcd3bc59cdfdc5203635ffd18bf354f6967ea0f824",
                "sha256:78baa6d91634dfb69ec52a463534bc0df05dbd546209b79a3880a34487f4b84f",
                "sha256:7974a0b5ecd505609e3b19742b60cee7aa2aa2fb3151bc917e6e2646d7667dcf",
                "sha256:7a4f97a081603d2050bfaffdefa5b02a9ec823f8348a572e39032caa8404a487",
                "sha256:7b1bef6280950ee6c177b326508f86cad7ad4dff12454483b51d8b7d673a2c5d",
                "sha256:7d053096f67cd1241601111b698f5cad775f97ab25d81567d3f59219b5f1adbd",
                "sha256:804a4d582ba6e5b747c625bf1255e6b1507465494a40a2130978bda7b932c90b",
                "sha256:807f52c1f798eef6cf26beb819eeb8819b1622ddfeef9d0977a8502d4db6d534",
                "sha256:80ed5e856eb7f30115aaf94e4a08114ccc8813e6ed1b5efa74f9f82e8509858f",
                "sha256:8417cb1f36cc0bc7eaba8ccb0e04d55f0ee52df06df3ad55259b9a323555fc8b",
                "sha256:8436c508b408b82d87dc5f62496973a1805cd46727c34440b0d29d8a2f50a6c9",
                "sha256:89149166622f4db9b4b6a449256291dc87a99ee53151c74cbd82a53c8c2f6ccd",
                "sha256:8bfa33f4f2672964266e940dd22a195989ba31669bd84629f05fab3ef4e2d125",
                "sha256:8c60ca7339acd497a55b0ea5d506b2a2612afb2826560416f6894e8b5770d4a9",
                "sha256:91b36a978b5ae0ee86c394f5a54d6ef44db1de0815eb43de826d41d21e4af3de",
                "sha256:955f8851919303c92343d2f66165294848d57e9bba6cf6e3625485a70a038d11",
                "sha256:97f68b8d6831127e4787ad15e6757232e14e12060bec17091b85eb1486b91d8d",
                "sha256:9b23ca7ef998bc739bf6ffc077c2116917eabcc901f88da1b9856b210ef63f35",
                "sha256:9f0b8b1c6d84c8034a44893aba5e767bf9c7a211e313a9605d9c617d7083829f",
                "sha256:aabfa34badd18f1da5ec1bc2715cadc8dca465868a4e73a0173466b688f29dda",
                "sha256:ab36c8eb7e454e34e60eb55ca5d241a5d18b2c6244f6827a30e451c42410b5f7",
                "sha256:b010a7a4fd316c3c484d482922d13044979e78d1861f0e0650423144c616a46a",
                "sha256:b1ac5992a838106edb89654e0aebfc24f5848ae2547d22c2c3f66454daa11971",
                "sha256:b7b2d86dd06bfc2ade3312a83a5c364c7ec2e3498f8734282c6c3d4b07b346b8",
                "sha256:b97e690a2118911e39b4042088092771b4ae3fc3aa86518f84b8cf6888dbdb41",
                "sha256:bc2722592d8998c870fa4e290c2eec2c1569b87fe58618e67d38b4665dfa680d",
                "sha256:c0429126cf75e16c4f0ad00ee0eae4242dc652290f940152ca8c75c3a4b6ee8f",
                "sha256:c30197aa96e8eed02200a83fba2657b4c3acd0f0aa4bdc9f6c1af8e8962e0757",
                "sha256:c4c3e6da02df6fa1410a7680bd3f63d4f710232d3139089536310d027950696a",
                "sha256:c75cb2a3e389853835e84a2d8fb2b81a10645b503eca9bcb98df6b5a43eb8886",
                "sha256:c96836c97b1238e9c9e3fe90844c947d5afbf4f4c92762679acfe19927d81d77",
                "sha256:d7f50a1f8c450f3925cb367d011448c39239bb3eb4117c36a6d354794de4ce76",
                "sha256:d973f03c0cb71c5ed99037b870f2be986c3c05e63622c017ea9816881d2dd247",
                "sha256:d98b1668f06378c6dbefec3b92299716b931cd4e6061f3c875a71ced1780ab85",
                "sha256:d9c3cdf5390dcd29aa8056d13e8e99526cda0305acc038b96b30352aff5ff2bb",
                "sha256:dad3e487649f498dd991eeb901125411559b22e8d7ab25d3aeb1af367df5efd7",
                "sha256:dccbe65bd2f7f7ec22c4ff99ed56faa1e9f785482b9bbd7c717e26fd723a1d1e",
                "sha256:dd78cfcda14a1ef52584dbb008f7ac81c1328c0f58184bf9a84c49c605002da6",
                "sha256:e218488cd232553829be0664c2292d3af2eeeb94b32bea483cf79ac6a694e037",
                "sha256:e358e64305fe12299a08e08978f51fc21fac060dcfcddd95453eabe5b93ed0e1",
                "sha256:ea0d8d539afa5eb2728aa1932a988a9a7af94f18582ffae4bc10b3fbdad0626e",
                "sha256:eab677309cdb30d047996b36d34caeda1dc91149e4fdca0b1a039b3f79d9a807",
                "sha256:eb8178fe3dba6450a3e024e95ac49ed3400e506fd4e9e5c32d30adda88cbd407",
                "sha256:ecddf25bee22fe4fe3737a399d0d177d72bc22be6913acfab364b40bce1ba83c",
                "sha256:eea6ee1db730b3483adf394ea72f808b6e18cf3cb6454b4d86e04fa8c4327a12",
                "sha256:f08ff5e948271dc7e18a35641d2f11a4cd8dfd5634f55228b691e62b37125eb3",
                "sha256:f30bf9fd9be89ecb2360c7d94a711f00c09b976258846efe40db3d05828e8089",
                "sha256:fa88b843d6e211393a37219e6a1c1df99d35e8fd90446f1118f4216e307e48cd",
                "sha256:fc54db6c8593ef7d4b2a331b58653356cf04f67c960f584edb7c3d8c97e8f39e",
                "sha256:fd4ec41f914fa74ad1b8304bbc634b3de73d2a0889bd32076342a573e0779e00",
                "sha256:ffc9202a29ab3920fa812879e95a9e78b2465fd10be7fcbd042899695d75e616"
            ],
            "markers": "python_version >= '3.7'",
            "version": "==3.4.1"
        },
        "crypto": {
            "hashes": [
                "sha256:8f2ee9756a0265c18845ac097ae447c75cfbde158abe1361b7491619f866a9bd",
                "sha256:985120aa86f71545388199f96a2a0e00f7ccfe5ecd14c56355eb399e1a63d164"
            ],
            "index": "pypi",
            "version": "==1.4.1"
        },
        "cryptography": {
            "hashes": [
                "sha256:00918d859aa4e57db8299607086f793fa7813ae2ff5a4637e318a25ef82730f7",
                "sha256:1e8d181e90a777b63f3f0caa836844a1182f1f265687fac2115fcf245f5fbec3",
                "sha256:1f9a92144fa0c877117e9748c74501bea842f93d21ee00b0cf922846d9d0b183",
                "sha256:21377472ca4ada2906bc313168c9dc7b1d7ca417b63c1c3011d0c74b7de9ae69",
                "sha256:24979e9f2040c953a94bf3c6782e67795a4c260734e5264dceea65c8f4bae64a",
                "sha256:2a46a89ad3e6176223b632056f321bc7de36b9f9b93b2cc1cccf935a3849dc62",
                "sha256:322eb03ecc62784536bc173f1483e76747aafeb69c8728df48537eb431cd1911",
                "sha256:436df4f203482f41aad60ed1813811ac4ab102765ecae7a2bbb1dbb66dcff5a7",
                "sha256:4f422e8c6a28cf8b7f883eb790695d6d45b0c385a2583073f3cec434cc705e1a",
                "sha256:53f23339864b617a3dfc2b0ac8d5c432625c80014c25caac9082314e9de56f41",
                "sha256:5fed5cd6102bb4eb843e3315d2bf25fede494509bddadb81e03a859c1bc17b83",
                "sha256:610a83540765a8d8ce0f351ce42e26e53e1f774a6efb71eb1b41eb01d01c3d12",
                "sha256:6c8acf6f3d1f47acb2248ec3ea261171a671f3d9428e34ad0357148d492c7864",
                "sha256:6f76fdd6fd048576a04c5210d53aa04ca34d2ed63336d4abd306d0cbe298fddf",
                "sha256:72198e2b5925155497a5a3e8c216c7fb3e64c16ccee11f0e7da272fa93b35c4c",
                "sha256:887143b9ff6bad2b7570da75a7fe8bbf5f65276365ac259a5d2d5147a73775f2",
                "sha256:888fcc3fce0c888785a4876ca55f9f43787f4c5c1cc1e2e0da71ad481ff82c5b",
                "sha256:8e6a85a93d0642bd774460a86513c5d9d80b5c002ca9693e63f6e540f1815ed0",
                "sha256:94f99f2b943b354a5b6307d7e8d19f5c423a794462bde2bf310c770ba052b1c4",
                "sha256:9b336599e2cb77b1008cb2ac264b290803ec5e8e89d618a5e978ff5eb6f715d9",
                "sha256:a2d8a7045e1ab9b9f803f0d9531ead85f90c5f2859e653b61497228b18452008",
                "sha256:b8272f257cf1cbd3f2e120f14c68bff2b6bdfcc157fafdee84a1b795efd72862",
                "sha256:bf688f615c29bfe9dfc44312ca470989279f0e94bb9f631f85e3459af8efc009",
                "sha256:d9c5b9f698a83c8bd71e0f4d3f9f839ef244798e5ffe96febfa9714717db7af7",
                "sha256:dd7c7e2d71d908dc0f8d2027e1604102140d84b155e658c20e8ad1304317691f",
                "sha256:df978682c1504fc93b3209de21aeabf2375cb1571d4e61907b3e7a2540e83026",
                "sha256:e403f7f766ded778ecdb790da786b418a9f2394f36e8cc8b796cc056ab05f44f",
                "sha256:eb3889330f2a4a148abead555399ec9a32b13b7c8ba969b72d8e500eb7ef84cd",
                "sha256:f4daefc971c2d1f82f03097dc6f216744a6cd2ac0f04c68fb935ea2ba2a0d420",
                "sha256:f51f5705ab27898afda1aaa430f34ad90dc117421057782022edf0600bec5f14",
                "sha256:fd0ee90072861e276b0ff08bd627abec29e32a53b2be44e41dbcdf87cbee2b00"
            ],
            "index": "pypi",
            "markers": "python_version >= '3.7' and python_full_version not in '3.9.0, 3.9.1'",
            "version": "==44.0.1"
        },
        "dynaconf": {
            "hashes": [
                "sha256:2e6adebaa587f4df9241a16a4bec3fda521154d26b15f3258fde753a592831b6",
                "sha256:858f9806fab2409c4f5442614c2605d4c4071d5e5153b0e7f24a225f27465aed"
            ],
            "index": "pypi",
            "markers": "python_version >= '3.8'",
            "version": "==3.2.4"
        },
        "faker": {
            "hashes": [
                "sha256:4e7bb19c1955bb978bf1d4cb0cf25930e37de0e7dfbc6abd768fd4784d9a9653",
                "sha256:79cbe3be786789efa05b8c75d7e0ec4efa6ecb786b8fe90eae49c2f8f9cbe31a"
            ],
            "index": "pypi",
            "markers": "python_version >= '3.8'",
            "version": "==22.5.1"
        },
        "idna": {
            "hashes": [
                "sha256:12f65c9b470abda6dc35cf8e63cc574b1c52b11df2c86030af0ac09b01b13ea9",
                "sha256:946d195a0d259cbba61165e88e65941f16e9b36ea6ddb97f00452bae8b1287d3"
            ],
            "markers": "python_version >= '3.6'",
            "version": "==3.10"
        },
        "iso3166": {
            "hashes": [
                "sha256:263660b36f8471c42acd1ff673d28a3715edbce7d24b1550d0cf010f6816c47f",
                "sha256:fcd551b8dda66b44e9f9e6d6bbbee3a1145a22447c0a556e5d0fb1ad1e491719"
            ],
            "markers": "python_version >= '3.6'",
            "version": "==2.1.1"
        },
        "naked": {
            "hashes": [
                "sha256:ea3d7eeada6b89bd8464ba0cfaa631867aaa68a3e2d5d6a6800cbe74f8941e5f",
                "sha256:f81015107e3aefdc801d7144fbae214bdf3cb179c0020a1dc6d5acb3659d5d5c"
            ],
            "version": "==0.1.32"
        },
        "numpy": {
            "hashes": [
                "sha256:02f98011ba4ab17f46f80f7f8f1c291ee7d855fcef0a5a98db80767a468c85cd",
                "sha256:0b7e807d6888da0db6e7e75838444d62495e2b588b99e90dd80c3459594e857b",
                "sha256:12c70ac274b32bc00c7f61b515126c9205323703abb99cd41836e8125ea0043e",
                "sha256:1666f634cb3c80ccbd77ec97bc17337718f56d6658acf5d3b906ca03e90ce87f",
                "sha256:18c3319a7d39b2c6a9e3bb75aab2304ab79a811ac0168a671a62e6346c29b03f",
                "sha256:211ddd1e94817ed2d175b60b6374120244a4dd2287f4ece45d49228b4d529178",
                "sha256:21a9484e75ad018974a2fdaa216524d64ed4212e418e0a551a2d83403b0531d3",
                "sha256:39763aee6dfdd4878032361b30b2b12593fb445ddb66bbac802e2113eb8a6ac4",
                "sha256:3c67423b3703f8fbd90f5adaa37f85b5794d3366948efe9a5190a5f3a83fc34e",
                "sha256:46f47ee566d98849323f01b349d58f2557f02167ee301e5e28809a8c0e27a2d0",
                "sha256:51c7f1b344f302067b02e0f5b5d2daa9ed4a721cf49f070280ac202738ea7f00",
                "sha256:5f24750ef94d56ce6e33e4019a8a4d68cfdb1ef661a52cdaee628a56d2437419",
                "sha256:697df43e2b6310ecc9d95f05d5ef20eacc09c7c4ecc9da3f235d39e71b7da1e4",
                "sha256:6d45b3ec2faed4baca41c76617fcdcfa4f684ff7a151ce6fc78ad3b6e85af0a6",
                "sha256:77810ef29e0fb1d289d225cabb9ee6cf4d11978a00bb99f7f8ec2132a84e0166",
                "sha256:7ca4f24341df071877849eb2034948459ce3a07915c2734f1abb4018d9c49d7b",
                "sha256:7f784e13e598e9594750b2ef6729bcd5a47f6cfe4a12cca13def35e06d8163e3",
                "sha256:806dd64230dbbfaca8a27faa64e2f414bf1c6622ab78cc4264f7f5f028fee3bf",
                "sha256:867e3644e208c8922a3be26fc6bbf112a035f50f0a86497f98f228c50c607bb2",
                "sha256:8c66d6fec467e8c0f975818c1796d25c53521124b7cfb760114be0abad53a0a2",
                "sha256:8ed07a90f5450d99dad60d3799f9c03c6566709bd53b497eb9ccad9a55867f36",
                "sha256:9bc6d1a7f8cedd519c4b7b1156d98e051b726bf160715b769106661d567b3f03",
                "sha256:9e1591f6ae98bcfac2a4bbf9221c0b92ab49762228f38287f6eeb5f3f55905ce",
                "sha256:9e87562b91f68dd8b1c39149d0323b42e0082db7ddb8e934ab4c292094d575d6",
                "sha256:a7081fd19a6d573e1a05e600c82a1c421011db7935ed0d5c483e9dd96b99cf13",
                "sha256:a8474703bffc65ca15853d5fd4d06b18138ae90c17c8d12169968e998e448bb5",
                "sha256:af36e0aa45e25c9f57bf684b1175e59ea05d9a7d3e8e87b7ae1a1da246f2767e",
                "sha256:b1240f767f69d7c4c8a29adde2310b871153df9b26b5cb2b54a561ac85146485",
                "sha256:b4d362e17bcb0011738c2d83e0a65ea8ce627057b2fdda37678f4374a382a137",
                "sha256:b831295e5472954104ecb46cd98c08b98b49c69fdb7040483aff799a755a7374",
                "sha256:b8c275f0ae90069496068c714387b4a0eba5d531aace269559ff2b43655edd58",
                "sha256:bdd2b45bf079d9ad90377048e2747a0c82351989a2165821f0c96831b4a2a54b",
                "sha256:cc0743f0302b94f397a4a65a660d4cd24267439eb16493fb3caad2e4389bccbb",
                "sha256:da4b0c6c699a0ad73c810736303f7fbae483bcb012e38d7eb06a5e3b432c981b",
                "sha256:f25e2811a9c932e43943a2615e65fc487a0b6b49218899e62e426e7f0a57eeda",
                "sha256:f73497e8c38295aaa4741bdfa4fda1a5aedda5473074369eca10626835445511"
            ],
            "index": "pypi",
            "markers": "python_version >= '3.9'",
            "version": "==1.26.3"
        },
        "pandas": {
            "hashes": [
                "sha256:159205c99d7a5ce89ecfc37cb08ed179de7783737cea403b295b5eda8e9c56d1",
                "sha256:20404d2adefe92aed3b38da41d0847a143a09be982a31b85bc7dd565bdba0f4e",
                "sha256:2707514a7bec41a4ab81f2ccce8b382961a29fbe9492eab1305bb075b2b1ff4f",
                "sha256:30b83f7c3eb217fb4d1b494a57a2fda5444f17834f5df2de6b2ffff68dc3c8e2",
                "sha256:38e0b4fc3ddceb56ec8a287313bc22abe17ab0eb184069f08fc6a9352a769b18",
                "sha256:3de918a754bbf2da2381e8a3dcc45eede8cd7775b047b923f9006d5f876802ae",
                "sha256:52826b5f4ed658fa2b729264d63f6732b8b29949c7fd234510d57c61dbeadfcd",
                "sha256:57abcaeda83fb80d447f28ab0cc7b32b13978f6f733875ebd1ed14f8fbc0f4ab",
                "sha256:5a946f210383c7e6d16312d30b238fd508d80d927014f3b33fb5b15c2f895430",
                "sha256:736da9ad4033aeab51d067fc3bd69a0ba36f5a60f66a527b3d72e2030e63280a",
                "sha256:761cb99b42a69005dec2b08854fb1d4888fdf7b05db23a8c5a099e4b886a2106",
                "sha256:7ea3ee3f125032bfcade3a4cf85131ed064b4f8dd23e5ce6fa16473e48ebcaf5",
                "sha256:8108ee1712bb4fa2c16981fba7e68b3f6ea330277f5ca34fa8d557e986a11670",
                "sha256:85793cbdc2d5bc32620dc8ffa715423f0c680dacacf55056ba13454a5be5de88",
                "sha256:8ce2fbc8d9bf303ce54a476116165220a1fedf15985b09656b4b4275300e920b",
                "sha256:9f66419d4a41132eb7e9a73dcec9486cf5019f52d90dd35547af11bc58f8637d",
                "sha256:a146b9dcacc3123aa2b399df1a284de5f46287a4ab4fbfc237eac98a92ebcb71",
                "sha256:a1b438fa26b208005c997e78672f1aa8138f67002e833312e6230f3e57fa87d5",
                "sha256:a20628faaf444da122b2a64b1e5360cde100ee6283ae8effa0d8745153809a2e",
                "sha256:a41d06f308a024981dcaa6c41f2f2be46a6b186b902c94c2674e8cb5c42985bc",
                "sha256:a626795722d893ed6aacb64d2401d017ddc8a2341b49e0384ab9bf7112bdec30",
                "sha256:bde2bc699dbd80d7bc7f9cab1e23a95c4375de615860ca089f34e7c64f4a8de7",
                "sha256:cfd6c2491dc821b10c716ad6776e7ab311f7df5d16038d0b7458bc0b67dc10f3",
                "sha256:e60f1f7dba3c2d5ca159e18c46a34e7ca7247a73b5dd1a22b6d59707ed6b899a",
                "sha256:eb1e1f3861ea9132b32f2133788f3b14911b68102d562715d71bd0013bc45440",
                "sha256:eb61dc8567b798b969bcc1fc964788f5a68214d333cade8319c7ab33e2b5d88a",
                "sha256:f5be5d03ea2073627e7111f61b9f1f0d9625dc3c4d8dda72cc827b0c58a1d042",
                "sha256:f9670b3ac00a387620489dfc1bca66db47a787f4e55911f1293063a78b108df1",
                "sha256:fbc1b53c0e1fdf16388c33c3cca160f798d38aea2978004dd3f4d3dec56454c9"
            ],
            "index": "pypi",
            "markers": "python_version >= '3.9'",
            "version": "==2.2.0"
        },
        "parse": {
            "hashes": [
                "sha256:967095588cb802add9177d0c0b6133b5ba33b1ea9007ca800e526f42a85af558",
                "sha256:b41d604d16503c79d81af5165155c0b20f6c8d6c559efa66b4b695c3e5a0a0ce"
            ],
            "version": "==1.20.2"
        },
        "parse-type": {
            "hashes": [
                "sha256:5e1ec10440b000c3f818006033372939e693a9ec0176f446d9303e4db88489a6",
                "sha256:83d41144a82d6b8541127bf212dd76c7f01baff680b498ce8a4d052a7a5bce4c"
            ],
            "markers": "python_version >= '2.7' and python_version not in '3.0, 3.1'",
            "version": "==0.6.4"
        },
        "pyasn1": {
            "hashes": [
                "sha256:0d632f46f2ba09143da3a8afe9e33fb6f92fa2320ab7e886e2d0f7672af84629",
                "sha256:6f580d2bdd84365380830acf45550f2511469f673cb4a5ae3857a3170128b034"
            ],
            "markers": "python_version >= '3.8'",
            "version": "==0.6.1"
        },
        "pycountry": {
            "hashes": [
                "sha256:b61b3faccea67f87d10c1f2b0fc0be714409e8fcdcc1315613174f6466c10221",
                "sha256:f1a4fb391cd7214f8eefd39556d740adcc233c778a27f8942c8dca351d6ce06f"
            ],
            "markers": "python_version >= '3.8'",
            "version": "==24.6.1"
        },
        "pycparser": {
            "hashes": [
                "sha256:491c8be9c040f5390f5bf44a5b07752bd07f56edf992381b05c701439eec10f6",
                "sha256:c3702b6d3dd8c7abc1afa565d7e63d53a1d0bd86cdc24edd75470f4de499cfcc"
            ],
            "markers": "python_version >= '3.8'",
            "version": "==2.22"
        },
        "pycryptodomex": {
            "hashes": [
                "sha256:0daad007b685db36d977f9de73f61f8da2a7104e20aca3effd30752fd56f73e1",
                "sha256:108e5f1c1cd70ffce0b68739c75734437c919d2eaec8e85bffc2c8b4d2794305",
                "sha256:19764605feea0df966445d46533729b645033f134baeb3ea26ad518c9fdf212c",
                "sha256:1be97461c439a6af4fe1cf8bf6ca5936d3db252737d2f379cc6b2e394e12a458",
                "sha256:25cd61e846aaab76d5791d006497134602a9e451e954833018161befc3b5b9ed",
                "sha256:2a47bcc478741b71273b917232f521fd5704ab4b25d301669879e7273d3586cc",
                "sha256:59af01efb011b0e8b686ba7758d59cf4a8263f9ad35911bfe3f416cee4f5c08c",
                "sha256:5dcac11031a71348faaed1f403a0debd56bf5404232284cf8c761ff918886ebc",
                "sha256:62a5ec91388984909bb5398ea49ee61b68ecb579123694bffa172c3b0a107079",
                "sha256:645bd4ca6f543685d643dadf6a856cc382b654cc923460e3a10a49c1b3832aeb",
                "sha256:653b29b0819605fe0898829c8ad6400a6ccde096146730c2da54eede9b7b8baa",
                "sha256:69138068268127cd605e03438312d8f271135a33140e2742b417d027a0539427",
                "sha256:6e186342cfcc3aafaad565cbd496060e5a614b441cacc3995ef0091115c1f6c5",
                "sha256:76bd15bb65c14900d98835fcd10f59e5e0435077431d3a394b60b15864fddd64",
                "sha256:7805830e0c56d88f4d491fa5ac640dfc894c5ec570d1ece6ed1546e9df2e98d6",
                "sha256:7a710b79baddd65b806402e14766c721aee8fb83381769c27920f26476276c1e",
                "sha256:7a7a8f33a1f1fb762ede6cc9cbab8f2a9ba13b196bfaf7bc6f0b39d2ba315a43",
                "sha256:82ee7696ed8eb9a82c7037f32ba9b7c59e51dda6f105b39f043b6ef293989cb3",
                "sha256:88afd7a3af7ddddd42c2deda43d53d3dfc016c11327d0915f90ca34ebda91499",
                "sha256:8af1a451ff9e123d0d8bd5d5e60f8e3315c3a64f3cdd6bc853e26090e195cdc8",
                "sha256:8ee606964553c1a0bc74057dd8782a37d1c2bc0f01b83193b6f8bb14523b877b",
                "sha256:91852d4480a4537d169c29a9d104dda44094c78f1f5b67bca76c29a91042b623",
                "sha256:9c682436c359b5ada67e882fec34689726a09c461efd75b6ea77b2403d5665b7",
                "sha256:bc3ee1b4d97081260d92ae813a83de4d2653206967c4a0a017580f8b9548ddbc",
                "sha256:bca649483d5ed251d06daf25957f802e44e6bb6df2e8f218ae71968ff8f8edc4",
                "sha256:c39778fd0548d78917b61f03c1fa8bfda6cfcf98c767decf360945fe6f97461e",
                "sha256:cbe71b6712429650e3883dc81286edb94c328ffcd24849accac0a4dbcc76958a",
                "sha256:d00fe8596e1cc46b44bf3907354e9377aa030ec4cd04afbbf6e899fc1e2a7781",
                "sha256:d3584623e68a5064a04748fb6d76117a21a7cb5eaba20608a41c7d0c61721794",
                "sha256:e48217c7901edd95f9f097feaa0388da215ed14ce2ece803d3f300b4e694abea",
                "sha256:f2e497413560e03421484189a6b65e33fe800d3bd75590e6d78d4dfdb7accf3b",
                "sha256:ff5c9a67f8a4fba4aed887216e32cbc48f2a6fb2673bb10a99e43be463e15913"
            ],
            "index": "pypi",
            "markers": "python_version >= '2.7' and python_version not in '3.0, 3.1, 3.2, 3.3, 3.4'",
            "version": "==3.20.0"
        },
        "python-dateutil": {
            "hashes": [
                "sha256:37dd54208da7e1cd875388217d5e00ebd4179249f90fb72437e91a35459a0ad3",
                "sha256:a8b2bc7bffae282281c8140a97d3aa9c14da0b136dfe83f850eea9a5f7470427"
            ],
            "markers": "python_version >= '2.7' and python_version not in '3.0, 3.1, 3.2'",
            "version": "==2.9.0.post0"
        },
        "python-gnupg": {
            "hashes": [
                "sha256:01d8013931c9fa3f45824bbea7054c03d6e11f258a72e7e086e168dbcb91854c",
                "sha256:72ce142af6da7f07e433fef148b445fb3e07854acd2f88739008838745c0e9f5"
            ],
            "index": "pypi",
            "version": "==0.5.2"
        },
        "pytz": {
            "hashes": [
                "sha256:89dd22dca55b46eac6eda23b2d72721bf1bdfef212645d81513ef5d03038de57",
                "sha256:c2db42be2a2518b28e65f9207c4d05e6ff547d1efa4086469ef855e4ab70178e"
            ],
            "version": "==2025.1"
        },
        "pyyaml": {
            "hashes": [
                "sha256:01179a4a8559ab5de078078f37e5c1a30d76bb88519906844fd7bdea1b7729ff",
                "sha256:0833f8694549e586547b576dcfaba4a6b55b9e96098b36cdc7ebefe667dfed48",
                "sha256:0a9a2848a5b7feac301353437eb7d5957887edbf81d56e903999a75a3d743086",
                "sha256:0b69e4ce7a131fe56b7e4d770c67429700908fc0752af059838b1cfb41960e4e",
                "sha256:0ffe8360bab4910ef1b9e87fb812d8bc0a308b0d0eef8c8f44e0254ab3b07133",
                "sha256:11d8f3dd2b9c1207dcaf2ee0bbbfd5991f571186ec9cc78427ba5bd32afae4b5",
                "sha256:17e311b6c678207928d649faa7cb0d7b4c26a0ba73d41e99c4fff6b6c3276484",
                "sha256:1e2120ef853f59c7419231f3bf4e7021f1b936f6ebd222406c3b60212205d2ee",
                "sha256:1f71ea527786de97d1a0cc0eacd1defc0985dcf6b3f17bb77dcfc8c34bec4dc5",
                "sha256:23502f431948090f597378482b4812b0caae32c22213aecf3b55325e049a6c68",
                "sha256:24471b829b3bf607e04e88d79542a9d48bb037c2267d7927a874e6c205ca7e9a",
                "sha256:29717114e51c84ddfba879543fb232a6ed60086602313ca38cce623c1d62cfbf",
                "sha256:2e99c6826ffa974fe6e27cdb5ed0021786b03fc98e5ee3c5bfe1fd5015f42b99",
                "sha256:39693e1f8320ae4f43943590b49779ffb98acb81f788220ea932a6b6c51004d8",
                "sha256:3ad2a3decf9aaba3d29c8f537ac4b243e36bef957511b4766cb0057d32b0be85",
                "sha256:3b1fdb9dc17f5a7677423d508ab4f243a726dea51fa5e70992e59a7411c89d19",
                "sha256:41e4e3953a79407c794916fa277a82531dd93aad34e29c2a514c2c0c5fe971cc",
                "sha256:43fa96a3ca0d6b1812e01ced1044a003533c47f6ee8aca31724f78e93ccc089a",
                "sha256:50187695423ffe49e2deacb8cd10510bc361faac997de9efef88badc3bb9e2d1",
                "sha256:5ac9328ec4831237bec75defaf839f7d4564be1e6b25ac710bd1a96321cc8317",
                "sha256:5d225db5a45f21e78dd9358e58a98702a0302f2659a3c6cd320564b75b86f47c",
                "sha256:6395c297d42274772abc367baaa79683958044e5d3835486c16da75d2a694631",
                "sha256:688ba32a1cffef67fd2e9398a2efebaea461578b0923624778664cc1c914db5d",
                "sha256:68ccc6023a3400877818152ad9a1033e3db8625d899c72eacb5a668902e4d652",
                "sha256:70b189594dbe54f75ab3a1acec5f1e3faa7e8cf2f1e08d9b561cb41b845f69d5",
                "sha256:797b4f722ffa07cc8d62053e4cff1486fa6dc094105d13fea7b1de7d8bf71c9e",
                "sha256:7c36280e6fb8385e520936c3cb3b8042851904eba0e58d277dca80a5cfed590b",
                "sha256:7e7401d0de89a9a855c839bc697c079a4af81cf878373abd7dc625847d25cbd8",
                "sha256:80bab7bfc629882493af4aa31a4cfa43a4c57c83813253626916b8c7ada83476",
                "sha256:82d09873e40955485746739bcb8b4586983670466c23382c19cffecbf1fd8706",
                "sha256:8388ee1976c416731879ac16da0aff3f63b286ffdd57cdeb95f3f2e085687563",
                "sha256:8824b5a04a04a047e72eea5cec3bc266db09e35de6bdfe34c9436ac5ee27d237",
                "sha256:8b9c7197f7cb2738065c481a0461e50ad02f18c78cd75775628afb4d7137fb3b",
                "sha256:9056c1ecd25795207ad294bcf39f2db3d845767be0ea6e6a34d856f006006083",
                "sha256:936d68689298c36b53b29f23c6dbb74de12b4ac12ca6cfe0e047bedceea56180",
                "sha256:9b22676e8097e9e22e36d6b7bda33190d0d400f345f23d4065d48f4ca7ae0425",
                "sha256:a4d3091415f010369ae4ed1fc6b79def9416358877534caf6a0fdd2146c87a3e",
                "sha256:a8786accb172bd8afb8be14490a16625cbc387036876ab6ba70912730faf8e1f",
                "sha256:a9f8c2e67970f13b16084e04f134610fd1d374bf477b17ec1599185cf611d725",
                "sha256:bc2fa7c6b47d6bc618dd7fb02ef6fdedb1090ec036abab80d4681424b84c1183",
                "sha256:c70c95198c015b85feafc136515252a261a84561b7b1d51e3384e0655ddf25ab",
                "sha256:cc1c1159b3d456576af7a3e4d1ba7e6924cb39de8f67111c735f6fc832082774",
                "sha256:ce826d6ef20b1bc864f0a68340c8b3287705cae2f8b4b1d932177dcc76721725",
                "sha256:d584d9ec91ad65861cc08d42e834324ef890a082e591037abe114850ff7bbc3e",
                "sha256:d7fded462629cfa4b685c5416b949ebad6cec74af5e2d42905d41e257e0869f5",
                "sha256:d84a1718ee396f54f3a086ea0a66d8e552b2ab2017ef8b420e92edbc841c352d",
                "sha256:d8e03406cac8513435335dbab54c0d385e4a49e4945d2909a581c83647ca0290",
                "sha256:e10ce637b18caea04431ce14fabcf5c64a1c61ec9c56b071a4b7ca131ca52d44",
                "sha256:ec031d5d2feb36d1d1a24380e4db6d43695f3748343d99434e6f5f9156aaa2ed",
                "sha256:ef6107725bd54b262d6dedcc2af448a266975032bc85ef0172c5f059da6325b4",
                "sha256:efdca5630322a10774e8e98e1af481aad470dd62c3170801852d752aa7a783ba",
                "sha256:f753120cb8181e736c57ef7636e83f31b9c0d1722c516f7e86cf15b7aa57ff12",
                "sha256:ff3824dc5261f50c9b0dfb3be22b4567a6f938ccce4587b38952d85fd9e9afe4"
            ],
            "markers": "python_version >= '3.8'",
            "version": "==6.0.2"
        },
        "requests": {
            "hashes": [
                "sha256:55365417734eb18255590a9ff9eb97e9e1da868d4ccd6402399eaf68af20a760",
                "sha256:70761cfe03c773ceb22aa2f671b4757976145175cdfca038c02654d061d6dcc6"
            ],
            "markers": "python_version >= '3.8'",
            "version": "==2.32.3"
        },
        "rsa": {
            "hashes": [
                "sha256:90260d9058e514786967344d0ef75fa8727eed8a7d2e43ce9f4bcf1b536174f7",
                "sha256:e38464a49c6c85d7f1351b0126661487a7e0a14a50f1675ec50eb34d4f20ef21"
            ],
            "index": "pypi",
            "markers": "python_version >= '3.6' and python_version < '4'",
            "version": "==4.9"
        },
        "schwifty": {
            "hashes": [
                "sha256:5eeb587919f331f0c5ffce7de5cc6b0279c0e6e9e2cf1b96fb64e421884ed235",
                "sha256:6450eefacb6e29db1573c6d3b926782d95fc06e4213918f210ca2c9eb935ad7d"
            ],
            "index": "pypi",
            "markers": "python_version >= '3.8'",
            "version": "==2024.1.1.post0"
        },
        "shellescape": {
            "hashes": [
                "sha256:40b310b30479be771bf3ab28bd8d40753778488bd46ea0969ba0b35038c3ec26",
                "sha256:f17127e390fa3f9aaa80c69c16ea73615fd9b5318fd8309c1dca6168ae7d85bf"
            ],
            "version": "==3.8.1"
        },
        "six": {
            "hashes": [
                "sha256:4721f391ed90541fddacab5acf947aa0d3dc7d27b2e1e8eda2be8970586c3274",
                "sha256:ff70335d468e7eb6ec65b95b99d3a2836546063f63acc5171de367e834932a81"
            ],
            "markers": "python_version >= '2.7' and python_version not in '3.0, 3.1, 3.2'",
            "version": "==1.17.0"
        },
        "tzdata": {
            "hashes": [
                "sha256:24894909e88cdb28bd1636c6887801df64cb485bd593f2fd83ef29075a81d694",
                "sha256:7e127113816800496f027041c570f50bcd464a020098a3b6b199517772303639"
            ],
            "markers": "python_version >= '2'",
            "version": "==2025.1"
        },
        "urllib3": {
            "hashes": [
                "sha256:1cee9ad369867bfdbbb48b7dd50374c0967a0bb7710050facf0dd6911440e3df",
                "sha256:f8c5449b3cf0861679ce7e0503c7b44b5ec981bec0d1d3795a07f1ba96f0204d"
            ],
            "markers": "python_version >= '3.9'",
            "version": "==2.3.0"
        },
        "virtualenv-clone": {
            "hashes": [
                "sha256:418ee935c36152f8f153c79824bb93eaf6f0f7984bae31d3f48f350b9183501a",
                "sha256:44d5263bceed0bac3e1424d64f798095233b64def1c5689afa43dc3223caf5b0"
            ],
            "index": "pypi",
            "markers": "python_version >= '2.7' and python_version not in '3.0, 3.1, 3.2, 3.3'",
            "version": "==0.5.7"
        }
    },
    "develop": {}
}
